
Microsoft Visual Studio Solution File, Format Version 12.00
# Visual Studio Version 16
VisualStudioVersion = 16.0.31515.178
MinimumVisualStudioVersion = 10.0.40219.1
Project("{FAE04EC0-301F-11D3-BF4B-00C04F79EFBC}") = "Kolokwium1", "Kolokwium1\Kolokwium1.csproj", "{E3A6100F-B7F0-4F72-B476-FAE3D60E9F14}"
EndProject
Global
	GlobalSection(SolutionConfigurationPlatforms) = preSolution
		Debug|Any CPU = Debug|Any CPU
		Release|Any CPU = Release|Any CPU
	EndGlobalSection
	GlobalSection(ProjectConfigurationPlatforms) = postSolution
		{E3A6100F-B7F0-4F72-B476-FAE3D60E9F14}.Debug|Any CPU.ActiveCfg = Debug|Any CPU
		{E3A6100F-B7F0-4F72-B476-FAE3D60E9F14}.Debug|Any CPU.Build.0 = Debug|Any CPU
		{E3A6100F-B7F0-4F72-B476-FAE3D60E9F14}.Release|Any CPU.ActiveCfg = Release|Any CPU
		{E3A6100F-B7F0-4F72-B476-FAE3D60E9F14}.Release|Any CPU.Build.0 = Release|Any CPU
	EndGlobalSection
	GlobalSection(SolutionProperties) = preSolution
		HideSolutionNode = FALSE
	EndGlobalSection
	GlobalSection(ExtensibilityGlobals) = postSolution
		SolutionGuid = {B56989F9-CC6F-49EB-99EA-9BDF25B96562}
	EndGlobalSection
EndGlobal
